
Microsoft Visual Studio Solution File, Format Version 12.00
# Visual Studio Version 16
VisualStudioVersion = 16.0.30611.23
MinimumVisualStudioVersion = 10.0.40219.1
Project("{FAE04EC0-301F-11D3-BF4B-00C04F79EFBC}") = "Tulkas.Identity.WebApi", "Tulkas.Identity.WebApi\Tulkas.Identity.WebApi.csproj", "{120803D5-9963-497C-B58E-62A4545D58D4}"
EndProject
Global
	GlobalSection(SolutionConfigurationPlatforms) = preSolution
		Debug|Any CPU = Debug|Any CPU
		Release|Any CPU = Release|Any CPU
	EndGlobalSection
	GlobalSection(ProjectConfigurationPlatforms) = postSolution
		{120803D5-9963-497C-B58E-62A4545D58D4}.Debug|Any CPU.ActiveCfg = Debug|Any CPU
		{120803D5-9963-497C-B58E-62A4545D58D4}.Debug|Any CPU.Build.0 = Debug|Any CPU
		{120803D5-9963-497C-B58E-62A4545D58D4}.Release|Any CPU.ActiveCfg = Release|Any CPU
		{120803D5-9963-497C-B58E-62A4545D58D4}.Release|Any CPU.Build.0 = Release|Any CPU
	EndGlobalSection
	GlobalSection(SolutionProperties) = preSolution
		HideSolutionNode = FALSE
	EndGlobalSection
	GlobalSection(ExtensibilityGlobals) = postSolution
		SolutionGuid = {48198C8A-8086-439E-935C-D29EA5A0A20B}
	EndGlobalSection
EndGlobal
